
Microsoft Visual Studio Solution File, Format Version 12.00
# Visual Studio 2012
Project("{FAE04EC0-301F-11D3-BF4B-00C04F79EFBC}") = "Lambit", "Lambit\Lambit.csproj", "{E3AB05AD-6BC5-4991-90AA-CC18B44C6233}"
EndProject
Project("{FAE04EC0-301F-11D3-BF4B-00C04F79EFBC}") = "Lambit.Tests", "Lambit.Tests\Lambit.Tests.csproj", "{7DB32ED8-F39A-4384-8282-4F94E8B28B79}"
EndProject
Global
	GlobalSection(SolutionConfigurationPlatforms) = preSolution
		Debug|Any CPU = Debug|Any CPU
		Release|Any CPU = Release|Any CPU
	EndGlobalSection
	GlobalSection(ProjectConfigurationPlatforms) = postSolution
		{E3AB05AD-6BC5-4991-90AA-CC18B44C6233}.Debug|Any CPU.ActiveCfg = Debug|Any CPU
		{E3AB05AD-6BC5-4991-90AA-CC18B44C6233}.Debug|Any CPU.Build.0 = Debug|Any CPU
		{E3AB05AD-6BC5-4991-90AA-CC18B44C6233}.Release|Any CPU.ActiveCfg = Release|Any CPU
		{E3AB05AD-6BC5-4991-90AA-CC18B44C6233}.Release|Any CPU.Build.0 = Release|Any CPU
		{7DB32ED8-F39A-4384-8282-4F94E8B28B79}.Debug|Any CPU.ActiveCfg = Debug|Any CPU
		{7DB32ED8-F39A-4384-8282-4F94E8B28B79}.Debug|Any CPU.Build.0 = Debug|Any CPU
		{7DB32ED8-F39A-4384-8282-4F94E8B28B79}.Release|Any CPU.ActiveCfg = Release|Any CPU
		{7DB32ED8-F39A-4384-8282-4F94E8B28B79}.Release|Any CPU.Build.0 = Release|Any CPU
	EndGlobalSection
	GlobalSection(SolutionProperties) = preSolution
		HideSolutionNode = FALSE
	EndGlobalSection
EndGlobal
